
Microsoft Visual Studio Solution File, Format Version 12.00
# Visual Studio Version 16
VisualStudioVersion = 16.0.30517.126
MinimumVisualStudioVersion = 10.0.40219.1
Project("{FAE04EC0-301F-11D3-BF4B-00C04F79EFBC}") = "RestAPI", "RestAPI\RestAPI.csproj", "{FAC7425F-91A6-4EFC-86DE-015E6FE5AFF8}"
EndProject
Global
	GlobalSection(SolutionConfigurationPlatforms) = preSolution
		Debug|Any CPU = Debug|Any CPU
		Release|Any CPU = Release|Any CPU
	EndGlobalSection
	GlobalSection(ProjectConfigurationPlatforms) = postSolution
		{FAC7425F-91A6-4EFC-86DE-015E6FE5AFF8}.Debug|Any CPU.ActiveCfg = Debug|Any CPU
		{FAC7425F-91A6-4EFC-86DE-015E6FE5AFF8}.Debug|Any CPU.Build.0 = Debug|Any CPU
		{FAC7425F-91A6-4EFC-86DE-015E6FE5AFF8}.Release|Any CPU.ActiveCfg = Release|Any CPU
		{FAC7425F-91A6-4EFC-86DE-015E6FE5AFF8}.Release|Any CPU.Build.0 = Release|Any CPU
	EndGlobalSection
	GlobalSection(SolutionProperties) = preSolution
		HideSolutionNode = FALSE
	EndGlobalSection
	GlobalSection(ExtensibilityGlobals) = postSolution
		SolutionGuid = {AE20308C-7DB0-43EF-9945-6E3238F8CB2F}
	EndGlobalSection
EndGlobal
